
Microsoft Visual Studio Solution File, Format Version 12.00
# Visual Studio Version 17
VisualStudioVersion = 17.7.34024.191
MinimumVisualStudioVersion = 10.0.40219.1
Project("{FAE04EC0-301F-11D3-BF4B-00C04F79EFBC}") = "LibraryBooks", "LibraryBooks\LibraryBooks.csproj", "{1D7C20FD-4436-4E45-B141-6EE28E625C6D}"
EndProject
Global
	GlobalSection(SolutionConfigurationPlatforms) = preSolution
		Debug|Any CPU = Debug|Any CPU
		Release|Any CPU = Release|Any CPU
	EndGlobalSection
	GlobalSection(ProjectConfigurationPlatforms) = postSolution
		{1D7C20FD-4436-4E45-B141-6EE28E625C6D}.Debug|Any CPU.ActiveCfg = Debug|Any CPU
		{1D7C20FD-4436-4E45-B141-6EE28E625C6D}.Debug|Any CPU.Build.0 = Debug|Any CPU
		{1D7C20FD-4436-4E45-B141-6EE28E625C6D}.Release|Any CPU.ActiveCfg = Release|Any CPU
		{1D7C20FD-4436-4E45-B141-6EE28E625C6D}.Release|Any CPU.Build.0 = Release|Any CPU
	EndGlobalSection
	GlobalSection(SolutionProperties) = preSolution
		HideSolutionNode = FALSE
	EndGlobalSection
	GlobalSection(ExtensibilityGlobals) = postSolution
		SolutionGuid = {F50B4DA9-F027-4DE9-BF50-50BB6949E2E7}
	EndGlobalSection
EndGlobal
